
Microsoft Visual Studio Solution File, Format Version 12.00
# Visual Studio 15
VisualStudioVersion = 15.0.27130.2010
MinimumVisualStudioVersion = 10.0.40219.1
Project("{FAE04EC0-301F-11D3-BF4B-00C04F79EFBC}") = "Caretaker", "Caretaker\Caretaker.csproj", "{2261625E-A9A7-4291-BB16-20D54ECA03D5}"
EndProject
Global
	GlobalSection(SolutionConfigurationPlatforms) = preSolution
		Debug|ARM = Debug|ARM
		Debug|x64 = Debug|x64
		Debug|x86 = Debug|x86
		Release|ARM = Release|ARM
		Release|x64 = Release|x64
		Release|x86 = Release|x86
	EndGlobalSection
	GlobalSection(ProjectConfigurationPlatforms) = postSolution
		{2261625E-A9A7-4291-BB16-20D54ECA03D5}.Debug|ARM.ActiveCfg = Debug|ARM
		{2261625E-A9A7-4291-BB16-20D54ECA03D5}.Debug|ARM.Build.0 = Debug|ARM
		{2261625E-A9A7-4291-BB16-20D54ECA03D5}.Debug|ARM.Deploy.0 = Debug|ARM
		{2261625E-A9A7-4291-BB16-20D54ECA03D5}.Debug|x64.ActiveCfg = Debug|x64
		{2261625E-A9A7-4291-BB16-20D54ECA03D5}.Debug|x64.Build.0 = Debug|x64
		{2261625E-A9A7-4291-BB16-20D54ECA03D5}.Debug|x64.Deploy.0 = Debug|x64
		{2261625E-A9A7-4291-BB16-20D54ECA03D5}.Debug|x86.ActiveCfg = Debug|x86
		{2261625E-A9A7-4291-BB16-20D54ECA03D5}.Debug|x86.Build.0 = Debug|x86
		{2261625E-A9A7-4291-BB16-20D54ECA03D5}.Debug|x86.Deploy.0 = Debug|x86
		{2261625E-A9A7-4291-BB16-20D54ECA03D5}.Release|ARM.ActiveCfg = Release|ARM
		{2261625E-A9A7-4291-BB16-20D54ECA03D5}.Release|ARM.Build.0 = Release|ARM
		{2261625E-A9A7-4291-BB16-20D54ECA03D5}.Release|ARM.Deploy.0 = Release|ARM
		{2261625E-A9A7-4291-BB16-20D54ECA03D5}.Release|x64.ActiveCfg = Release|x64
		{2261625E-A9A7-4291-BB16-20D54ECA03D5}.Release|x64.Build.0 = Release|x64
		{2261625E-A9A7-4291-BB16-20D54ECA03D5}.Release|x64.Deploy.0 = Release|x64
		{2261625E-A9A7-4291-BB16-20D54ECA03D5}.Release|x86.ActiveCfg = Release|x86
		{2261625E-A9A7-4291-BB16-20D54ECA03D5}.Release|x86.Build.0 = Release|x86
		{2261625E-A9A7-4291-BB16-20D54ECA03D5}.Release|x86.Deploy.0 = Release|x86
	EndGlobalSection
	GlobalSection(SolutionProperties) = preSolution
		HideSolutionNode = FALSE
	EndGlobalSection
	GlobalSection(ExtensibilityGlobals) = postSolution
		SolutionGuid = {F2AD9607-2377-47C9-951B-5AD4FD896D30}
	EndGlobalSection
EndGlobal
