
Microsoft Visual Studio Solution File, Format Version 12.00
# Visual Studio 15
VisualStudioVersion = 15.0.27130.2024
MinimumVisualStudioVersion = 10.0.40219.1
Project("{9A19103F-16F7-4668-BE54-9A1E7A4F7556}") = "boostFunctions", "boostFunctions\boostFunctions.csproj", "{31A10489-AF0B-41B3-B8BC-D7475072F5F9}"
EndProject
Project("{FAE04EC0-301F-11D3-BF4B-00C04F79EFBC}") = "boostFunctionsTests", "boostFunctionsTests\boostFunctionsTests.csproj", "{D46A9498-F747-4005-BE00-FE7D3AC2B8E2}"
EndProject
Global
	GlobalSection(SolutionConfigurationPlatforms) = preSolution
		Debug|Any CPU = Debug|Any CPU
		Release|Any CPU = Release|Any CPU
	EndGlobalSection
	GlobalSection(ProjectConfigurationPlatforms) = postSolution
		{31A10489-AF0B-41B3-B8BC-D7475072F5F9}.Debug|Any CPU.ActiveCfg = Debug|Any CPU
		{31A10489-AF0B-41B3-B8BC-D7475072F5F9}.Debug|Any CPU.Build.0 = Debug|Any CPU
		{31A10489-AF0B-41B3-B8BC-D7475072F5F9}.Release|Any CPU.ActiveCfg = Release|Any CPU
		{31A10489-AF0B-41B3-B8BC-D7475072F5F9}.Release|Any CPU.Build.0 = Release|Any CPU
		{D46A9498-F747-4005-BE00-FE7D3AC2B8E2}.Debug|Any CPU.ActiveCfg = Debug|Any CPU
		{D46A9498-F747-4005-BE00-FE7D3AC2B8E2}.Debug|Any CPU.Build.0 = Debug|Any CPU
		{D46A9498-F747-4005-BE00-FE7D3AC2B8E2}.Release|Any CPU.ActiveCfg = Release|Any CPU
		{D46A9498-F747-4005-BE00-FE7D3AC2B8E2}.Release|Any CPU.Build.0 = Release|Any CPU
	EndGlobalSection
	GlobalSection(SolutionProperties) = preSolution
		HideSolutionNode = FALSE
	EndGlobalSection
	GlobalSection(ExtensibilityGlobals) = postSolution
		SolutionGuid = {638A56E3-7150-4AD4-B3C2-62D7EFF28633}
	EndGlobalSection
EndGlobal
